
Microsoft Visual Studio Solution File, Format Version 12.00
# Visual Studio 15
VisualStudioVersion = 15.0.33919.361
MinimumVisualStudioVersion = 10.0.40219.1
Project("{FAE04EC0-301F-11D3-BF4B-00C04F79EFBC}") = "kayitoEditor", "kayitoEditor\kayitoEditor.csproj", "{A44B18CF-4E48-4F31-B681-2D0FBAE0AB48}"
EndProject
Global
	GlobalSection(SolutionConfigurationPlatforms) = preSolution
		Debug_MySQL|x86 = Debug_MySQL|x86
		Debug|x86 = Debug|x86
		Release_MySQL|x86 = Release_MySQL|x86
		Release|x86 = Release|x86
	EndGlobalSection
	GlobalSection(ProjectConfigurationPlatforms) = postSolution
		{A44B18CF-4E48-4F31-B681-2D0FBAE0AB48}.Debug_MySQL|x86.ActiveCfg = Debug_MySQL|Any CPU
		{A44B18CF-4E48-4F31-B681-2D0FBAE0AB48}.Debug_MySQL|x86.Build.0 = Debug_MySQL|Any CPU
		{A44B18CF-4E48-4F31-B681-2D0FBAE0AB48}.Debug|x86.ActiveCfg = Debug|Any CPU
		{A44B18CF-4E48-4F31-B681-2D0FBAE0AB48}.Release_MySQL|x86.ActiveCfg = Release_MySQL|Any CPU
		{A44B18CF-4E48-4F31-B681-2D0FBAE0AB48}.Release_MySQL|x86.Build.0 = Release_MySQL|Any CPU
		{A44B18CF-4E48-4F31-B681-2D0FBAE0AB48}.Release|x86.ActiveCfg = Release|Any CPU
		{A44B18CF-4E48-4F31-B681-2D0FBAE0AB48}.Release|x86.Build.0 = Release|Any CPU
	EndGlobalSection
	GlobalSection(SolutionProperties) = preSolution
		HideSolutionNode = FALSE
	EndGlobalSection
	GlobalSection(ExtensibilityGlobals) = postSolution
		SolutionGuid = {E00F36D3-7E64-4872-BF01-FF4A58C80DA6}
	EndGlobalSection
EndGlobal
