<?xml version="1.0" encoding="utf-8"?>
<Project ToolsVersion="4.0" xmlns="http://schemas.microsoft.com/developer/msbuild/2003">
  <ItemGroup>
    <Filter Include="Core">
      <UniqueIdentifier>{e2d213df-af8b-4a93-8b8b-5d4a0b1786c1}</UniqueIdentifier>
    </Filter>
    <Filter Include="Core\Defines">
      <UniqueIdentifier>{83a893b2-b0eb-49a9-8a3e-3f9a28778c88}</UniqueIdentifier>
    </Filter>
    <Filter Include="Resources">
      <UniqueIdentifier>{67DA6AB6-F800-4c08-8B7A-83BB121AAD01}</UniqueIdentifier>
      <Extensions>rc;ico;cur;bmp;dlg;rc2;rct;bin;rgs;gif;jpg;jpeg;jpe;resx;tiff;tif;png;wav;mfcribbon-ms</Extensions>
    </Filter>
    <Filter Include="Util">
      <UniqueIdentifier>{eb75f507-b013-46e9-b375-afb6dd4aa120}</UniqueIdentifier>
    </Filter>
    <Filter Include="Item">
      <UniqueIdentifier>{272162e7-6225-4d1e-88e3-6e640340f526}</UniqueIdentifier>
    </Filter>
    <Filter Include="Map">
      <UniqueIdentifier>{4880774a-b854-47d4-8eb3-6a6de4198afc}</UniqueIdentifier>
    </Filter>
  </ItemGroup>
  <ItemGroup>
    <None Include="icon.ico">
      <Filter>Resources</Filter>
    </None>
  </ItemGroup>
  <ItemGroup>
    <ClInclude Include="CCRC32.h">
      <Filter>Util</Filter>
    </ClInclude>
    <ClInclude Include="MapManager.h">
      <Filter>Map</Filter>
    </ClInclude>
    <ClInclude Include="CustomItem.h">
      <Filter>Item</Filter>
    </ClInclude>
    <ClInclude Include="CustomGlow.h">
      <Filter>Item</Filter>
    </ClInclude>
    <ClInclude Include="MemScript.h">
      <Filter>Util</Filter>
    </ClInclude>
    <ClInclude Include="stdafx.h">
      <Filter>Core</Filter>
    </ClInclude>
    <ClInclude Include="resource.h">
      <Filter>Resources</Filter>
    </ClInclude>
    <ClInclude Include="Defines.h">
      <Filter>Core\Defines</Filter>
    </ClInclude>
    <ClInclude Include="ItemOption.h">
      <Filter>Item</Filter>
    </ClInclude>
  </ItemGroup>
  <ItemGroup>
    <ClCompile Include="CCRC32.cpp">
      <Filter>Util</Filter>
    </ClCompile>
    <ClCompile Include="MapManager.cpp">
      <Filter>Map</Filter>
    </ClCompile>
    <ClCompile Include="CustomItem.cpp">
      <Filter>Item</Filter>
    </ClCompile>
    <ClCompile Include="CustomGlow.cpp">
      <Filter>Item</Filter>
    </ClCompile>
    <ClCompile Include="MemScript.cpp">
      <Filter>Util</Filter>
    </ClCompile>
    <ClCompile Include="InfoEncoder.cpp">
      <Filter>Core</Filter>
    </ClCompile>
    <ClCompile Include="stdafx.cpp">
      <Filter>Core</Filter>
    </ClCompile>
    <ClCompile Include="ItemOption.cpp">
      <Filter>Item</Filter>
    </ClCompile>
  </ItemGroup>
  <ItemGroup>
    <ResourceCompile Include="InfoEncoder.rc">
      <Filter>Resources</Filter>
    </ResourceCompile>
  </ItemGroup>
</Project>